{
  "nodes": {
    "brew-src": {
      "flake": false,
      "locked": {
        "lastModified": 1785146564,
        "narHash": "sha256-Sa7/HrfB04H32OJ7/ofxXjiZEbkWtCNOriONYYTL1OA=",
        "owner": "Homebrew",
        "repo": "brew",
        "rev": "b2cfc03346d482f79886de108fee5dc49a6efc10",
        "type": "github"
      },
      "original": {
        "owner": "Homebrew",
        "ref": "6.0.13",
        "repo": "brew",
        "type": "github"
      }
    },
    "flake-parts": {
      "inputs": {
        "nixpkgs-lib": "nixpkgs-lib"
      },
      "locked": {
        "lastModified": 1777898446,
        "narHash": "sha256-tTEOTTjMHd8Vffn4hehLTPgOXXxJ27xfkf4DoyZgD7s=",
        "owner": "hercules-ci",
        "repo": "flake-parts",
        "rev": "5d82aa3d6b5da25dbfec1a995750a70a03b8c659",
        "type": "github"
      },
      "original": {
        "owner": "hercules-ci",
        "repo": "flake-parts",
        "type": "github"
      }
    },
    "ghostty-cursor-shaders": {
      "flake": false,
      "locked": {
        "lastModified": 1781606293,
        "narHash": "sha256-B7B6K7Ee4uJlW8zzLP3ILgddnbcIQyNimY+rVllzbR0=",
        "owner": "sahaj-b",
        "repo": "ghostty-cursor-shaders",
        "rev": "0a274beac8b93ee6ce6b94402b7313a0417b8e38",
        "type": "github"
      },
      "original": {
        "owner": "sahaj-b",
        "repo": "ghostty-cursor-shaders",
        "type": "github"
      }
    },
    "home-manager": {
      "inputs": {
        "nixpkgs": [
          "nixpkgs"
        ]
      },
      "locked": {
        "lastModified": 1786031233,
        "narHash": "sha256-TIDlLTLI1/pB7IqgjzcKQjpODQsZE2oII4XGG9B6KjI=",
        "owner": "nix-community",
        "repo": "home-manager",
        "rev": "7834e82588860aaf780cec1366524456a70898d7",
        "type": "github"
      },
      "original": {
        "owner": "nix-community",
        "repo": "home-manager",
        "type": "github"
      }
    },
    "homebrew-cask": {
      "flake": false,
      "locked": {
        "lastModified": 1786111970,
        "narHash": "sha256-Ny1WZU6xOtr20vi8MgLGJfqheX1QMj7LhRT19qBKEZw=",
        "owner": "homebrew",
        "repo": "homebrew-cask",
        "rev": "235949fba4094143cb615f8f3977dad35b1ee51c",
        "type": "github"
      },
      "original": {
        "owner": "homebrew",
        "repo": "homebrew-cask",
        "type": "github"
      }
    },
    "homebrew-core": {
      "flake": false,
      "locked": {
        "lastModified": 1786114338,
        "narHash": "sha256-+o5AShLz4rgQP0pQULMdWPw52pN2rRSqw5l+QpdHUZs=",
        "owner": "homebrew",
        "repo": "homebrew-core",
        "rev": "19d8decfcd01c44b8c8616f2fc1c4b03817d3ae0",
        "type": "github"
      },
      "original": {
        "owner": "homebrew",
        "repo": "homebrew-core",
        "type": "github"
      }
    },
    "homebrew-rafaelswi-menubarusb": {
      "flake": false,
      "locked": {
        "lastModified": 1781127741,
        "narHash": "sha256-lvWDySL02H0aD0qZu1esbBYrCK3chTDbmC303a+4tZ0=",
        "owner": "rafaelswi",
        "repo": "homebrew-menubarusb",
        "rev": "4cda66178583e693900fd28a1c0cea7526fbb1ed",
        "type": "github"
      },
      "original": {
        "owner": "rafaelswi",
        "repo": "homebrew-menubarusb",
        "type": "github"
      }
    },
    "import-tree": {
      "locked": {
        "lastModified": 1773693634,
        "narHash": "sha256-BtZ2dtkBdSUnFPPFc+n0kcMbgaTxzFNPv2iaO326Ffg=",
        "owner": "vic",
        "repo": "import-tree",
        "rev": "c41e7d58045f9057880b0d85e1152d6a4430dbf1",
        "type": "github"
      },
      "original": {
        "owner": "vic",
        "repo": "import-tree",
        "type": "github"
      }
    },
    "nix-darwin": {
      "inputs": {
        "nixpkgs": [
          "nixpkgs"
        ]
      },
      "locked": {
        "lastModified": 1785389976,
        "narHash": "sha256-0tLW8Ff5yt8AH97jw4ZpFJ0OCJ122zIlgWGDmOfU/VU=",
        "owner": "nix-darwin",
        "repo": "nix-darwin",
        "rev": "15abb8c98f336cd8bd840d71059adebabe60bf04",
        "type": "github"
      },
      "original": {
        "owner": "nix-darwin",
        "ref": "master",
        "repo": "nix-darwin",
        "type": "github"
      }
    },
    "nix-darwin_2": {
      "inputs": {
        "nixpkgs": [
          "paneru",
          "nixpkgs"
        ]
      },
      "locked": {
        "lastModified": 1777780666,
        "narHash": "sha256-8wURyQMdDkGUarSTKOGdCuFfYiwa3HbzwscUfn3STDE=",
        "owner": "nix-darwin",
        "repo": "nix-darwin",
        "rev": "8c62fba0854ba15c8917aed18894dbccb48a3777",
        "type": "github"
      },
      "original": {
        "owner": "nix-darwin",
        "ref": "master",
        "repo": "nix-darwin",
        "type": "github"
      }
    },
    "nix-homebrew": {
      "inputs": {
        "brew-src": "brew-src"
      },
      "locked": {
        "lastModified": 1785544760,
        "narHash": "sha256-qV6OoNuly4ntqpCg7esIeJjUboxSnQNlLPxz+y5h9/o=",
        "owner": "zhaofengli",
        "repo": "nix-homebrew",
        "rev": "937ce52c7d046310571f3a070713804ead496843",
        "type": "github"
      },
      "original": {
        "owner": "zhaofengli",
        "repo": "nix-homebrew",
        "type": "github"
      }
    },
    "nix-index-database": {
      "inputs": {
        "nixpkgs": [
          "nixpkgs"
        ]
      },
      "locked": {
        "lastModified": 1785650611,
        "narHash": "sha256-q4kR7g+pCcz6NASvoVPYu+CWWUurX03wogtBqGmR4h0=",
        "owner": "nix-community",
        "repo": "nix-index-database",
        "rev": "dbc756c9d7287de19b3e0e38c928c47510d42c3e",
        "type": "github"
      },
      "original": {
        "owner": "nix-community",
        "repo": "nix-index-database",
        "type": "github"
      }
    },
    "nixpkgs": {
      "locked": {
        "lastModified": 1786227899,
        "narHash": "sha256-OhQlRgshGOrfGwtq15FR3CuIwNzsJt0ejbpWOPDVYfY=",
        "owner": "NixOS",
        "repo": "nixpkgs",
        "rev": "fe6deff5fad4a42d0e08d2bab3f2d6c7c88f3fe5",
        "type": "github"
      },
      "original": {
        "owner": "NixOS",
        "ref": "nixpkgs-unstable",
        "repo": "nixpkgs",
        "type": "github"
      }
    },
    "nixpkgs-lib": {
      "locked": {
        "lastModified": 1777168982,
        "narHash": "sha256-GOkGPcboWE9BmGCRMLX3worL4EMnsnG8MyKmXNeYuhQ=",
        "owner": "nix-community",
        "repo": "nixpkgs.lib",
        "rev": "f5901329dade4a6ea039af1433fb087bd9c1fe14",
        "type": "github"
      },
      "original": {
        "owner": "nix-community",
        "repo": "nixpkgs.lib",
        "type": "github"
      }
    },
    "paneru": {
      "inputs": {
        "flake-parts": "flake-parts",
        "import-tree": "import-tree",
        "nix-darwin": "nix-darwin_2",
        "nixpkgs": [
          "nixpkgs"
        ]
      },
      "locked": {
        "lastModified": 1785955631,
        "narHash": "sha256-hjVt/FK1jqKI8N4A+R4ahdRYy99aKSD0JcohEXQA3JI=",
        "ref": "refs/heads/main",
        "rev": "43ed3393c2be7d8372ed71c7bc76fd149cd2984d",
        "revCount": 788,
        "type": "git",
        "url": "https://github.com/karinushka/paneru.git"
      },
      "original": {
        "type": "git",
        "url": "https://github.com/karinushka/paneru.git"
      }
    },
    "root": {
      "inputs": {
        "ghostty-cursor-shaders": "ghostty-cursor-shaders",
        "home-manager": "home-manager",
        "homebrew-cask": "homebrew-cask",
        "homebrew-core": "homebrew-core",
        "homebrew-rafaelswi-menubarusb": "homebrew-rafaelswi-menubarusb",
        "nix-darwin": "nix-darwin",
        "nix-homebrew": "nix-homebrew",
        "nix-index-database": "nix-index-database",
        "nixpkgs": "nixpkgs",
        "paneru": "paneru",
        "yazi-flavors": "yazi-flavors"
      }
    },
    "yazi-flavors": {
      "flake": false,
      "locked": {
        "lastModified": 1786094737,
        "narHash": "sha256-Dy73TfcrcbCXY9lwDszNgAKLiCAHf1KIwC4Q5U6k21E=",
        "owner": "yazi-rs",
        "repo": "flavors",
        "rev": "be0b21d0873092a63946cc2678dd700aac945902",
        "type": "github"
      },
      "original": {
        "owner": "yazi-rs",
        "repo": "flavors",
        "type": "github"
      }
    }
  },
  "root": "root",
  "version": 7
}
